// !$*UTF8*$!
{
	archiveVersion = 1;
	classes = {
	};
	objectVersion = 50;
	objects = {

/* Begin PBXBuildFile section */
		6C8E785724EB3BA500F62744 /* AppDelegate.swift in Sources */ = {isa = PBXBuildFile; fileRef = 6C8E785624EB3BA500F62744 /* AppDelegate.swift */; };
		6C8E785924EB3BA500F62744 /* SceneDelegate.swift in Sources */ = {isa = PBXBuildFile; fileRef = 6C8E785824EB3BA500F62744 /* SceneDelegate.swift */; };
		6C8E785B24EB3BA500F62744 /* ViewController.swift in Sources */ = {isa = PBXBuildFile; fileRef = 6C8E785A24EB3BA500F62744 /* ViewController.swift */; };
		6C8E785E24EB3BA500F62744 /* Main.storyboard in Resources */ = {isa = PBXBuildFile; fileRef = 6C8E785C24EB3BA500F62744 /* Main.storyboard */; };
		6C8E786024EB3BA700F62744 /* Assets.xcassets in Resources */ = {isa = PBXBuildFile; fileRef = 6C8E785F24EB3BA700F62744 /* Assets.xcassets */; };
		6C8E786324EB3BA700F62744 /* LaunchScreen.storyboard in Resources */ = {isa = PBXBuildFile; fileRef = 6C8E786124EB3BA700F62744 /* LaunchScreen.storyboard */; };
		6C8E786E24EB3BA700F62744 /* MyTipAppTests.swift in Sources */ = {isa = PBXBuildFile; fileRef = 6C8E786D24EB3BA700F62744 /* MyTipAppTests.swift */; };
		6C8E787924EB3BA700F62744 /* MyTipAppUITests.swift in Sources */ = {isa = PBXBuildFile; fileRef = 6C8E787824EB3BA700F62744 /* MyTipAppUITests.swift */; };
/* End PBXBuildFile section */

/* Begin PBXContainerItemProxy section */
		6C8E786A24EB3BA700F62744 /* PBXContainerItemProxy */ = {
			isa = PBXContainerItemProxy;
			containerPortal = 6C8E784B24EB3BA500F62744 /* Project object */;
			proxyType = 1;
			remoteGlobalIDString = 6C8E785224EB3BA500F62744;
			remoteInfo = MyTipApp;
		};
		6C8E787524EB3BA700F62744 /* PBXContainerItemProxy */ = {
			isa = PBXContainerItemProxy;
			containerPortal = 6C8E784B24EB3BA500F62744 /* Project object */;
			proxyType = 1;
			remoteGlobalIDString = 6C8E785224EB3BA500F62744;
			remoteInfo = MyTipApp;
		};
/* End PBXContainerItemProxy section */

/* Begin PBXFileReference section */
		6C8E785324EB3BA500F62744 /* MyTipApp.app */ = {isa = PBXFileReference; explicitFileType = wrapper.application; includeInIndex = 0; path = MyTipApp.app; sourceTree = BUILT_PRODUCTS_DIR; };
		6C8E785624EB3BA500F62744 /* AppDelegate.swift */ = {isa = PBXFileReference; lastKnownFileType = sourcecode.swift; path = AppDelegate.swift; sourceTree = "<group>"; };
		6C8E785824EB3BA500F62744 /* SceneDelegate.swift */ = {isa = PBXFileReference; lastKnownFileType = sourcecode.swift; path = SceneDelegate.swift; sourceTree = "<group>"; };
		6C8E785A24EB3BA500F62744 /* ViewController.swift */ = {isa = PBXFileReference; lastKnownFileType = sourcecode.swift; path = ViewController.swift; sourceTree = "<group>"; };
		6C8E785D24EB3BA500F62744 /* Base */ = {isa = PBXFileReference; lastKnownFileType = file.storyboard; name = Base; path = Base.lproj/Main.storyboard; sourceTree = "<group>"; };
		6C8E785F24EB3BA700F62744 /* Assets.xcassets */ = {isa = PBXFileReference; lastKnownFileType = folder.assetcatalog; path = Assets.xcassets; sourceTree = "<group>"; };
		6C8E786224EB3BA700F62744 /* Base */ = {isa = PBXFileReference; lastKnownFileType = file.storyboard; name = Base; path = Base.lproj/LaunchScreen.storyboard; sourceTree = "<group>"; };
		6C8E786424EB3BA700F62744 /* Info.plist */ = {isa = PBXFileReference; lastKnownFileType = text.plist.xml; path = Info.plist; sourceTree = "<group>"; };
		6C8E786924EB3BA700F62744 /* MyTipAppTests.xctest */ = {isa = PBXFileReference; explicitFileType = wrapper.cfbundle; includeInIndex = 0; path = MyTipAppTests.xctest; sourceTree = BUILT_PRODUCTS_DIR; };
		6C8E786D24EB3BA700F62744 /* MyTipAppTests.swift */ = {isa = PBXFileReference; lastKnownFileType = sourcecode.swift; path = MyTipAppTests.swift; sourceTree = "<group>"; };
		6C8E786F24EB3BA700F62744 /* Info.plist */ = {isa = PBXFileReference; lastKnownFileType = text.plist.xml; path = Info.plist; sourceTree = "<group>"; };
		6C8E787424EB3BA700F62744 /* MyTipAppUITests.xctest */ = {isa = PBXFileReference; explicitFileType = wrapper.cfbundle; includeInIndex = 0; path = MyTipAppUITests.xctest; sourceTree = BUILT_PRODUCTS_DIR; };
		6C8E787824EB3BA700F62744 /* MyTipAppUITests.swift */ = {isa = PBXFileReference; lastKnownFileType = sourcecode.swift; path = MyTipAppUITests.swift; sourceTree = "<group>"; };
		6C8E787A24EB3BA700F62744 /* Info.plist */ = {isa = PBXFileReference; lastKnownFileType = text.plist.xml; path = Info.plist; sourceTree = "<group>"; };
/* End PBXFileReference section */

/* Begin PBXFrameworksBuildPhase section */
		6C8E785024EB3BA500F62744 /* Frameworks */ = {
			isa = PBXFrameworksBuildPhase;
			buildActionMask = 2147483647;
			files = (
			);
			runOnlyForDeploymentPostprocessing = 0;
		};
		6C8E786624EB3BA700F62744 /* Frameworks */ = {
			isa = PBXFrameworksBuildPhase;
			buildActionMask = 2147483647;
			files = (
			);
			runOnlyForDeploymentPostprocessing = 0;
		};
		6C8E787124EB3BA700F62744 /* Frameworks */ = {
			isa = PBXFrameworksBuildPhase;
			buildActionMask = 2147483647;
			files = (
			);
			runOnlyForDeploymentPostprocessing = 0;
		};
/* End PBXFrameworksBuildPhase section */

/* Begin PBXGroup section */
		6C8E784A24EB3BA500F62744 = {
			isa = PBXGroup;
			children = (
				6C8E785524EB3BA500F62744 /* MyTipApp */,
				6C8E786C24EB3BA700F62744 /* MyTipAppTests */,
				6C8E787724EB3BA700F62744 /* MyTipAppUITests */,
				6C8E785424EB3BA500F62744 /* Products */,
			);
			sourceTree = "<group>";
		};
		6C8E785424EB3BA500F62744 /* Products */ = {
			isa = PBXGroup;
			children = (
				6C8E785324EB3BA500F62744 /* MyTipApp.app */,
				6C8E786924EB3BA700F62744 /* MyTipAppTests.xctest */,
				6C8E787424EB3BA700F62744 /* MyTipAppUITests.xctest */,
			);
			name = Products;
			sourceTree = "<group>";
		};
		6C8E785524EB3BA500F62744 /* MyTipApp */ = {
			isa = PBXGroup;
			children = (
				6C8E785624EB3BA500F62744 /* AppDelegate.swift */,
				6C8E785824EB3BA500F62744 /* SceneDelegate.swift */,
				6C8E785A24EB3BA500F62744 /* ViewController.swift */,
				6C8E785C24EB3BA500F62744 /* Main.storyboard */,
				6C8E785F24EB3BA700F62744 /* Assets.xcassets */,
				6C8E786124EB3BA700F62744 /* LaunchScreen.storyboard */,
				6C8E786424EB3BA700F62744 /* Info.plist */,
			);
			path = MyTipApp;
			sourceTree = "<group>";
		};
		6C8E786C24EB3BA700F62744 /* MyTipAppTests */ = {
			isa = PBXGroup;
			children = (
				6C8E786D24EB3BA700F62744 /* MyTipAppTests.swift */,
				6C8E786F24EB3BA700F62744 /* Info.plist */,
			);
			path = MyTipAppTests;
			sourceTree = "<group>";
		};
		6C8E787724EB3BA700F62744 /* MyTipAppUITests */ = {
			isa = PBXGroup;
			children = (
				6C8E787824EB3BA700F62744 /* MyTipAppUITests.swift */,
				6C8E787A24EB3BA700F62744 /* Info.plist */,
			);
			path = MyTipAppUITests;
			sourceTree = "<group>";
		};
/* End PBXGroup section */

/* Begin PBXNativeTarget section */
		6C8E785224EB3BA500F62744 /* MyTipApp */ = {
			isa = PBXNativeTarget;
			buildConfigurationList = 6C8E787D24EB3BA700F62744 /* Build configuration list for PBXNativeTarget "MyTipApp" */;
			buildPhases = (
				6C8E784F24EB3BA500F62744 /* Sources */,
				6C8E785024EB3BA500F62744 /* Frameworks */,
				6C8E785124EB3BA500F62744 /* Resources */,
			);
			buildRules = (
			);
			dependencies = (
			);
			name = MyTipApp;
			productName = MyTipApp;
			productReference = 6C8E785324EB3BA500F62744 /* MyTipApp.app */;
			productType = "com.apple.product-type.application";
		};
		6C8E786824EB3BA700F62744 /* MyTipAppTests */ = {
			isa = PBXNativeTarget;
			buildConfigurationList = 6C8E788024EB3BA700F62744 /* Build configuration list for PBXNativeTarget "MyTipAppTests" */;
			buildPhases = (
				6C8E786524EB3BA700F62744 /* Sources */,
				6C8E786624EB3BA700F62744 /* Frameworks */,
				6C8E786724EB3BA700F62744 /* Resources */,
			);
			buildRules = (
			);
			dependencies = (
				6C8E786B24EB3BA700F62744 /* PBXTargetDependency */,
			);
			name = MyTipAppTests;
			productName = MyTipAppTests;
			productReference = 6C8E786924EB3BA700F62744 /* MyTipAppTests.xctest */;
			productType = "com.apple.product-type.bundle.unit-test";
		};
		6C8E787324EB3BA700F62744 /* MyTipAppUITests */ = {
			isa = PBXNativeTarget;
			buildConfigurationList = 6C8E788324EB3BA700F62744 /* Build configuration list for PBXNativeTarget "MyTipAppUITests" */;
			buildPhases = (
				6C8E787024EB3BA700F62744 /* Sources */,
				6C8E787124EB3BA700F62744 /* Frameworks */,
				6C8E787224EB3BA700F62744 /* Resources */,
			);
			buildRules = (
			);
			dependencies = (
				6C8E787624EB3BA700F62744 /* PBXTargetDependency */,
			);
			name = MyTipAppUITests;
			productName = MyTipAppUITests;
			productReference = 6C8E787424EB3BA700F62744 /* MyTipAppUITests.xctest */;
			productType = "com.apple.product-type.bundle.ui-testing";
		};
/* End PBXNativeTarget section */

/* Begin PBXProject section */
		6C8E784B24EB3BA500F62744 /* Project object */ = {
			isa = PBXProject;
			attributes = {
				LastSwiftUpdateCheck = 1130;
				LastUpgradeCheck = 1130;
				ORGANIZATIONNAME = Codepath;
				TargetAttributes = {
					6C8E785224EB3BA500F62744 = {
						CreatedOnToolsVersion = 11.3.1;
					};
					6C8E786824EB3BA700F62744 = {
						CreatedOnToolsVersion = 11.3.1;
						TestTargetID = 6C8E785224EB3BA500F62744;
					};
					6C8E787324EB3BA700F62744 = {
						CreatedOnToolsVersion = 11.3.1;
						TestTargetID = 6C8E785224EB3BA500F62744;
					};
				};
			};
			buildConfigurationList = 6C8E784E24EB3BA500F62744 /* Build configuration list for PBXProject "MyTipApp" */;
			compatibilityVersion = "Xcode 9.3";
			developmentRegion = en;
			hasScannedForEncodings = 0;
			knownRegions = (
				en,
				Base,
			);
			mainGroup = 6C8E784A24EB3BA500F62744;
			productRefGroup = 6C8E785424EB3BA500F62744 /* Products */;
			projectDirPath = "";
			projectRoot = "";
			targets = (
				6C8E785224EB3BA500F62744 /* MyTipApp */,
				6C8E786824EB3BA700F62744 /* MyTipAppTests */,
				6C8E787324EB3BA700F62744 /* MyTipAppUITests */,
			);
		};
/* End PBXProject section */

/* Begin PBXResourcesBuildPhase section */
		6C8E785124EB3BA500F62744 /* Resources */ = {
			isa = PBXResourcesBuildPhase;
			buildActionMask = 2147483647;
			files = (
				6C8E786324EB3BA700F62744 /* LaunchScreen.storyboard in Resources */,
				6C8E786024EB3BA700F62744 /* Assets.xcassets in Resources */,
				6C8E785E24EB3BA500F62744 /* Main.storyboard in Resources */,
			);
			runOnlyForDeploymentPostprocessing = 0;
		};
		6C8E786724EB3BA700F62744 /* Resources */ = {
			isa = PBXResourcesBuildPhase;
			buildActionMask = 2147483647;
			files = (
			);
			runOnlyForDeploymentPostprocessing = 0;
		};
		6C8E787224EB3BA700F62744 /* Resources */ = {
			isa = PBXResourcesBuildPhase;
			buildActionMask = 2147483647;
			files = (
			);
			runOnlyForDeploymentPostprocessing = 0;
		};
/* End PBXResourcesBuildPhase section */

/* Begin PBXSourcesBuildPhase section */
		6C8E784F24EB3BA500F62744 /* Sources */ = {
			isa = PBXSourcesBuildPhase;
			buildActionMask = 2147483647;
			files = (
				6C8E785B24EB3BA500F62744 /* ViewController.swift in Sources */,
				6C8E785724EB3BA500F62744 /* AppDelegate.swift in Sources */,
				6C8E785924EB3BA500F62744 /* SceneDelegate.swift in Sources */,
			);
			runOnlyForDeploymentPostprocessing = 0;
		};
		6C8E786524EB3BA700F62744 /* Sources */ = {
			isa = PBXSourcesBuildPhase;
			buildActionMask = 2147483647;
			files = (
				6C8E786E24EB3BA700F62744 /* MyTipAppTests.swift in Sources */,
			);
			runOnlyForDeploymentPostprocessing = 0;
		};
		6C8E787024EB3BA700F62744 /* Sources */ = {
			isa = PBXSourcesBuildPhase;
			buildActionMask = 2147483647;
			files = (
				6C8E787924EB3BA700F62744 /* MyTipAppUITests.swift in Sources */,
			);
			runOnlyForDeploymentPostprocessing = 0;
		};
/* End PBXSourcesBuildPhase section */

/* Begin PBXTargetDependency section */
		6C8E786B24EB3BA700F62744 /* PBXTargetDependency */ = {
			isa = PBXTargetDependency;
			target = 6C8E785224EB3BA500F62744 /* MyTipApp */;
			targetProxy = 6C8E786A24EB3BA700F62744 /* PBXContainerItemProxy */;
		};
		6C8E787624EB3BA700F62744 /* PBXTargetDependency */ = {
			isa = PBXTargetDependency;
			target = 6C8E785224EB3BA500F62744 /* MyTipApp */;
			targetProxy = 6C8E787524EB3BA700F62744 /* PBXContainerItemProxy */;
		};
/* End PBXTargetDependency section */

/* Begin PBXVariantGroup section */
		6C8E785C24EB3BA500F62744 /* Main.storyboard */ = {
			isa = PBXVariantGroup;
			children = (
				6C8E785D24EB3BA500F62744 /* Base */,
			);
			name = Main.storyboard;
			sourceTree = "<group>";
		};
		6C8E786124EB3BA700F62744 /* LaunchScreen.storyboard */ = {
			isa = PBXVariantGroup;
			children = (
				6C8E786224EB3BA700F62744 /* Base */,
			);
			name = LaunchScreen.storyboard;
			sourceTree = "<group>";
		};
/* End PBXVariantGroup section */

/* Begin XCBuildConfiguration section */
		6C8E787B24EB3BA700F62744 /* Debug */ = {
			isa = XCBuildConfiguration;
			buildSettings = {
				ALWAYS_SEARCH_USER_PATHS = NO;
				CLANG_ANALYZER_NONNULL = YES;
				CLANG_ANALYZER_NUMBER_OBJECT_CONVERSION = YES_AGGRESSIVE;
				CLANG_CXX_LANGUAGE_STANDARD = "gnu++14";
				CLANG_CXX_LIBRARY = "libc++";
				CLANG_ENABLE_MODULES = YES;
				CLANG_ENABLE_OBJC_ARC = YES;
				CLANG_ENABLE_OBJC_WEAK = YES;
				CLANG_WARN_BLOCK_CAPTURE_AUTORELEASING = YES;
				CLANG_WARN_BOOL_CONVERSION = YES;
				CLANG_WARN_COMMA = YES;
				CLANG_WARN_CONSTANT_CONVERSION = YES;
				CLANG_WARN_DEPRECATED_OBJC_IMPLEMENTATIONS = YES;
				CLANG_WARN_DIRECT_OBJC_ISA_USAGE = YES_ERROR;
				CLANG_WARN_DOCUMENTATION_COMMENTS = YES;
				CLANG_WARN_EMPTY_BODY = YES;
				CLANG_WARN_ENUM_CONVERSION = YES;
				CLANG_WARN_INFINITE_RECURSION = YES;
				CLANG_WARN_INT_CONVERSION = YES;
				CLANG_WARN_NON_LITERAL_NULL_CONVERSION = YES;
				CLANG_WARN_OBJC_IMPLICIT_RETAIN_SELF = YES;
				CLANG_WARN_OBJC_LITERAL_CONVERSION = YES;
				CLANG_WARN_OBJC_ROOT_CLASS = YES_ERROR;
				CLANG_WARN_RANGE_LOOP_ANALYSIS = YES;
				CLANG_WARN_STRICT_PROTOTYPES = YES;
				CLANG_WARN_SUSPICIOUS_MOVE = YES;
				CLANG_WARN_UNGUARDED_AVAILABILITY = YES_AGGRESSIVE;
				CLANG_WARN_UNREACHABLE_CODE = YES;
				CLANG_WARN__DUPLICATE_METHOD_MATCH = YES;
				COPY_PHASE_STRIP = NO;
				DEBUG_INFORMATION_FORMAT = dwarf;
				ENABLE_STRICT_OBJC_MSGSEND = YES;
				ENABLE_TESTABILITY = YES;
				GCC_C_LANGUAGE_STANDARD = gnu11;
				GCC_DYNAMIC_NO_PIC = NO;
				GCC_NO_COMMON_BLOCKS = YES;
				GCC_OPTIMIZATION_LEVEL = 0;
				GCC_PREPROCESSOR_DEFINITIONS = (
					"DEBUG=1",
					"$(inherited)",
				);
				GCC_WARN_64_TO_32_BIT_CONVERSION = YES;
				GCC_WARN_ABOUT_RETURN_TYPE = YES_ERROR;
				GCC_WARN_UNDECLARED_SELECTOR = YES;
				GCC_WARN_UNINITIALIZED_AUTOS = YES_AGGRESSIVE;
				GCC_WARN_UNUSED_FUNCTION = YES;
				GCC_WARN_UNUSED_VARIABLE = YES;
				IPHONEOS_DEPLOYMENT_TARGET = 13.2;
				MTL_ENABLE_DEBUG_INFO = INCLUDE_SOURCE;
				MTL_FAST_MATH = YES;
				ONLY_ACTIVE_ARCH = YES;
				SDKROOT = iphoneos;
				SWIFT_ACTIVE_COMPILATION_CONDITIONS = DEBUG;
				SWIFT_OPTIMIZATION_LEVEL = "-Onone";
			};
			name = Debug;
		};
		6C8E787C24EB3BA700F62744 /* Release */ = {
			isa = XCBuildConfiguration;
			buildSettings = {
				ALWAYS_SEARCH_USER_PATHS = NO;
				CLANG_ANALYZER_NONNULL = YES;
				CLANG_ANALYZER_NUMBER_OBJECT_CONVERSION = YES_AGGRESSIVE;
				CLANG_CXX_LANGUAGE_STANDARD = "gnu++14";
				CLANG_CXX_LIBRARY = "libc++";
				CLANG_ENABLE_MODULES = YES;
				CLANG_ENABLE_OBJC_ARC = YES;
				CLANG_ENABLE_OBJC_WEAK = YES;
				CLANG_WARN_BLOCK_CAPTURE_AUTORELEASING = YES;
				CLANG_WARN_BOOL_CONVERSION = YES;
				CLANG_WARN_COMMA = YES;
				CLANG_WARN_CONSTANT_CONVERSION = YES;
				CLANG_WARN_DEPRECATED_OBJC_IMPLEMENTATIONS = YES;
				CLANG_WARN_DIRECT_OBJC_ISA_USAGE = YES_ERROR;
				CLANG_WARN_DOCUMENTATION_COMMENTS = YES;
				CLANG_WARN_EMPTY_BODY = YES;
				CLANG_WARN_ENUM_CONVERSION = YES;
				CLANG_WARN_INFINITE_RECURSION = YES;
				CLANG_WARN_INT_CONVERSION = YES;
				CLANG_WARN_NON_LITERAL_NULL_CONVERSION = YES;
				CLANG_WARN_OBJC_IMPLICIT_RETAIN_SELF = YES;
				CLANG_WARN_OBJC_LITERAL_CONVERSION = YES;
				CLANG_WARN_OBJC_ROOT_CLASS = YES_ERROR;
				CLANG_WARN_RANGE_LOOP_ANALYSIS = YES;
				CLANG_WARN_STRICT_PROTOTYPES = YES;
				CLANG_WARN_SUSPICIOUS_MOVE = YES;
				CLANG_WARN_UNGUARDED_AVAILABILITY = YES_AGGRESSIVE;
				CLANG_WARN_UNREACHABLE_CODE = YES;
				CLANG_WARN__DUPLICATE_METHOD_MATCH = YES;
				COPY_PHASE_STRIP = NO;
				DEBUG_INFORMATION_FORMAT = "dwarf-with-dsym";
				ENABLE_NS_ASSERTIONS = NO;
				ENABLE_STRICT_OBJC_MSGSEND = YES;
				GCC_C_LANGUAGE_STANDARD = gnu11;
				GCC_NO_COMMON_BLOCKS = YES;
				GCC_WARN_64_TO_32_BIT_CONVERSION = YES;
				GCC_WARN_ABOUT_RETURN_TYPE = YES_ERROR;
				GCC_WARN_UNDECLARED_SELECTOR = YES;
				GCC_WARN_UNINITIALIZED_AUTOS = YES_AGGRESSIVE;
				GCC_WARN_UNUSED_FUNCTION = YES;
				GCC_WARN_UNUSED_VARIABLE = YES;
				IPHONEOS_DEPLOYMENT_TARGET = 13.2;
				MTL_ENABLE_DEBUG_INFO = NO;
				MTL_FAST_MATH = YES;
				SDKROOT = iphoneos;
				SWIFT_COMPILATION_MODE = wholemodule;
				SWIFT_OPTIMIZATION_LEVEL = "-O";
				VALIDATE_PRODUCT = YES;
			};
			name = Release;
		};
		6C8E787E24EB3BA700F62744 /* Debug */ = {
			isa = XCBuildConfiguration;
			buildSettings = {
				ASSETCATALOG_COMPILER_APPICON_NAME = AppIcon;
				CODE_SIGN_STYLE = Automatic;
				INFOPLIST_FILE = MyTipApp/Info.plist;
				LD_RUNPATH_SEARCH_PATHS = (
					"$(inherited)",
					"@executable_path/Frameworks",
				);
				PRODUCT_BUNDLE_IDENTIFIER = Codepath.MyTipApp;
				PRODUCT_NAME = "$(TARGET_NAME)";
				SWIFT_VERSION = 5.0;
				TARGETED_DEVICE_FAMILY = "1,2";
			};
			name = Debug;
		};
		6C8E787F24EB3BA700F62744 /* Release */ = {
			isa = XCBuildConfiguration;
			buildSettings = {
				ASSETCATALOG_COMPILER_APPICON_NAME = AppIcon;
				CODE_SIGN_STYLE = Automatic;
				INFOPLIST_FILE = MyTipApp/Info.plist;
				LD_RUNPATH_SEARCH_PATHS = (
					"$(inherited)",
					"@executable_path/Frameworks",
				);
				PRODUCT_BUNDLE_IDENTIFIER = Codepath.MyTipApp;
				PRODUCT_NAME = "$(TARGET_NAME)";
				SWIFT_VERSION = 5.0;
				TARGETED_DEVICE_FAMILY = "1,2";
			};
			name = Release;
		};
		6C8E788124EB3BA700F62744 /* Debug */ = {
			isa = XCBuildConfiguration;
			buildSettings = {
				ALWAYS_EMBED_SWIFT_STANDARD_LIBRARIES = YES;
				BUNDLE_LOADER = "$(TEST_HOST)";
				CODE_SIGN_STYLE = Automatic;
				INFOPLIST_FILE = MyTipAppTests/Info.plist;
				IPHONEOS_DEPLOYMENT_TARGET = 13.2;
				LD_RUNPATH_SEARCH_PATHS = (
					"$(inherited)",
					"@executable_path/Frameworks",
					"@loader_path/Frameworks",
				);
				PRODUCT_BUNDLE_IDENTIFIER = Codepath.MyTipAppTests;
				PRODUCT_NAME = "$(TARGET_NAME)";
				SWIFT_VERSION = 5.0;
				TARGETED_DEVICE_FAMILY = "1,2";
				TEST_HOST = "$(BUILT_PRODUCTS_DIR)/MyTipApp.app/MyTipApp";
			};
			name = Debug;
		};
		6C8E788224EB3BA700F62744 /* Release */ = {
			isa = XCBuildConfiguration;
			buildSettings = {
				ALWAYS_EMBED_SWIFT_STANDARD_LIBRARIES = YES;
				BUNDLE_LOADER = "$(TEST_HOST)";
				CODE_SIGN_STYLE = Automatic;
				INFOPLIST_FILE = MyTipAppTests/Info.plist;
				IPHONEOS_DEPLOYMENT_TARGET = 13.2;
				LD_RUNPATH_SEARCH_PATHS = (
					"$(inherited)",
					"@executable_path/Frameworks",
					"@loader_path/Frameworks",
				);
				PRODUCT_BUNDLE_IDENTIFIER = Codepath.MyTipAppTests;
				PRODUCT_NAME = "$(TARGET_NAME)";
				SWIFT_VERSION = 5.0;
				TARGETED_DEVICE_FAMILY = "1,2";
				TEST_HOST = "$(BUILT_PRODUCTS_DIR)/MyTipApp.app/MyTipApp";
			};
			name = Release;
		};
		6C8E788424EB3BA700F62744 /* Debug */ = {
			isa = XCBuildConfiguration;
			buildSettings = {
				ALWAYS_EMBED_SWIFT_STANDARD_LIBRARIES = YES;
				CODE_SIGN_STYLE = Automatic;
				INFOPLIST_FILE = MyTipAppUITests/Info.plist;
				LD_RUNPATH_SEARCH_PATHS = (
					"$(inherited)",
					"@executable_path/Frameworks",
					"@loader_path/Frameworks",
				);
				PRODUCT_BUNDLE_IDENTIFIER = Codepath.MyTipAppUITests;
				PRODUCT_NAME = "$(TARGET_NAME)";
				SWIFT_VERSION = 5.0;
				TARGETED_DEVICE_FAMILY = "1,2";
				TEST_TARGET_NAME = MyTipApp;
			};
			name = Debug;
		};
		6C8E788524EB3BA700F62744 /* Release */ = {
			isa = XCBuildConfiguration;
			buildSettings = {
				ALWAYS_EMBED_SWIFT_STANDARD_LIBRARIES = YES;
				CODE_SIGN_STYLE = Automatic;
				INFOPLIST_FILE = MyTipAppUITests/Info.plist;
				LD_RUNPATH_SEARCH_PATHS = (
					"$(inherited)",
					"@executable_path/Frameworks",
					"@loader_path/Frameworks",
				);
				PRODUCT_BUNDLE_IDENTIFIER = Codepath.MyTipAppUITests;
				PRODUCT_NAME = "$(TARGET_NAME)";
				SWIFT_VERSION = 5.0;
				TARGETED_DEVICE_FAMILY = "1,2";
				TEST_TARGET_NAME = MyTipApp;
			};
			name = Release;
		};
/* End XCBuildConfiguration section */

/* Begin XCConfigurationList section */
		6C8E784E24EB3BA500F62744 /* Build configuration list for PBXProject "MyTipApp" */ = {
			isa = XCConfigurationList;
			buildConfigurations = (
				6C8E787B24EB3BA700F62744 /* Debug */,
				6C8E787C24EB3BA700F62744 /* Release */,
			);
			defaultConfigurationIsVisible = 0;
			defaultConfigurationName = Release;
		};
		6C8E787D24EB3BA700F62744 /* Build configuration list for PBXNativeTarget "MyTipApp" */ = {
			isa = XCConfigurationList;
			buildConfigurations = (
				6C8E787E24EB3BA700F62744 /* Debug */,
				6C8E787F24EB3BA700F62744 /* Release */,
			);
			defaultConfigurationIsVisible = 0;
			defaultConfigurationName = Release;
		};
		6C8E788024EB3BA700F62744 /* Build configuration list for PBXNativeTarget "MyTipAppTests" */ = {
			isa = XCConfigurationList;
			buildConfigurations = (
				6C8E788124EB3BA700F62744 /* Debug */,
				6C8E788224EB3BA700F62744 /* Release */,
			);
			defaultConfigurationIsVisible = 0;
			defaultConfigurationName = Release;
		};
		6C8E788324EB3BA700F62744 /* Build configuration list for PBXNativeTarget "MyTipAppUITests" */ = {
			isa = XCConfigurationList;
			buildConfigurations = (
				6C8E788424EB3BA700F62744 /* Debug */,
				6C8E788524EB3BA700F62744 /* Release */,
			);
			defaultConfigurationIsVisible = 0;
			defaultConfigurationName = Release;
		};
/* End XCConfigurationList section */
	};
	rootObject = 6C8E784B24EB3BA500F62744 /* Project object */;
}
